Microsoft Visual Studio Solution File, Format Version 12.00
# Visual Studio 2012
Project("{FAE04EC0-301F-11D3-BF4B-00C04F79EFBC}") = "StrategyGameProject", "StrategyGameProject.csproj", "{A648E826-C540-42A1-AAC4-A8D2CAB6C96F}"
EndProject
Global
	GlobalSection(SolutionConfigurationPlatforms) = preSolution
	Debug|Any CPU = Debug|Any CPU
	ExportDebug|Any CPU = ExportDebug|Any CPU
	ExportRelease|Any CPU = ExportRelease|Any CPU
	EndGlobalSection
	GlobalSection(ProjectConfigurationPlatforms) = postSolution
		{A648E826-C540-42A1-AAC4-A8D2CAB6C96F}.Debug|Any CPU.ActiveCfg = Debug|Any CPU
		{A648E826-C540-42A1-AAC4-A8D2CAB6C96F}.Debug|Any CPU.Build.0 = Debug|Any CPU
		{A648E826-C540-42A1-AAC4-A8D2CAB6C96F}.ExportDebug|Any CPU.ActiveCfg = ExportDebug|Any CPU
		{A648E826-C540-42A1-AAC4-A8D2CAB6C96F}.ExportDebug|Any CPU.Build.0 = ExportDebug|Any CPU
		{A648E826-C540-42A1-AAC4-A8D2CAB6C96F}.ExportRelease|Any CPU.ActiveCfg = ExportRelease|Any CPU
		{A648E826-C540-42A1-AAC4-A8D2CAB6C96F}.ExportRelease|Any CPU.Build.0 = ExportRelease|Any CPU
	EndGlobalSection
EndGlobal
